
Microsoft Visual Studio Solution File, Format Version 12.00
# Visual Studio Version 17
VisualStudioVersion = 17.14.36327.8 d17.14
MinimumVisualStudioVersion = 10.0.40219.1
Project("{54A90642-561A-4BB1-A94E-469ADEE60C69}") = "pencheckstest.client", "pencheckstest.client\pencheckstest.client.esproj", "{5EF6636E-BBAF-DE09-1EE8-8AA417BDD195}"
EndProject
Project("{FAE04EC0-301F-11D3-BF4B-00C04F79EFBC}") = "PenChecksTest.Server", "PenChecksTest.Server\PenChecksTest.Server.csproj", "{9319F2DC-1055-455A-BEF6-ED8B924BD4C5}"
EndProject
Global
	GlobalSection(SolutionConfigurationPlatforms) = preSolution
		Debug|Any CPU = Debug|Any CPU
		Release|Any CPU = Release|Any CPU
	EndGlobalSection
	GlobalSection(ProjectConfigurationPlatforms) = postSolution
		{5EF6636E-BBAF-DE09-1EE8-8AA417BDD195}.Debug|Any CPU.ActiveCfg = Debug|Any CPU
		{5EF6636E-BBAF-DE09-1EE8-8AA417BDD195}.Debug|Any CPU.Build.0 = Debug|Any CPU
		{5EF6636E-BBAF-DE09-1EE8-8AA417BDD195}.Debug|Any CPU.Deploy.0 = Debug|Any CPU
		{5EF6636E-BBAF-DE09-1EE8-8AA417BDD195}.Release|Any CPU.ActiveCfg = Release|Any CPU
		{5EF6636E-BBAF-DE09-1EE8-8AA417BDD195}.Release|Any CPU.Build.0 = Release|Any CPU
		{5EF6636E-BBAF-DE09-1EE8-8AA417BDD195}.Release|Any CPU.Deploy.0 = Release|Any CPU
		{9319F2DC-1055-455A-BEF6-ED8B924BD4C5}.Debug|Any CPU.ActiveCfg = Debug|Any CPU
		{9319F2DC-1055-455A-BEF6-ED8B924BD4C5}.Debug|Any CPU.Build.0 = Debug|Any CPU
		{9319F2DC-1055-455A-BEF6-ED8B924BD4C5}.Release|Any CPU.ActiveCfg = Release|Any CPU
		{9319F2DC-1055-455A-BEF6-ED8B924BD4C5}.Release|Any CPU.Build.0 = Release|Any CPU
	EndGlobalSection
	GlobalSection(SolutionProperties) = preSolution
		HideSolutionNode = FALSE
	EndGlobalSection
	GlobalSection(ExtensibilityGlobals) = postSolution
		SolutionGuid = {2F533630-BF79-4653-AEE8-64A963DA3854}
	EndGlobalSection
EndGlobal
